
Microsoft Visual Studio Solution File, Format Version 12.00
# Visual Studio Version 17
VisualStudioVersion = 17.10.35122.118
MinimumVisualStudioVersion = 10.0.40219.1
Project("{F184B08F-C81C-45F6-A57F-5ABD9991F28F}") = "Formulario1", "Formulario1\Formulario1.vbproj", "{EDBCB500-1A4C-4408-AB27-7BDED282BF17}"
EndProject
Global
	GlobalSection(SolutionConfigurationPlatforms) = preSolution
		Debug|Any CPU = Debug|Any CPU
		Release|Any CPU = Release|Any CPU
	EndGlobalSection
	GlobalSection(ProjectConfigurationPlatforms) = postSolution
		{EDBCB500-1A4C-4408-AB27-7BDED282BF17}.Debug|Any CPU.ActiveCfg = Debug|Any CPU
		{EDBCB500-1A4C-4408-AB27-7BDED282BF17}.Debug|Any CPU.Build.0 = Debug|Any CPU
		{EDBCB500-1A4C-4408-AB27-7BDED282BF17}.Release|Any CPU.ActiveCfg = Release|Any CPU
		{EDBCB500-1A4C-4408-AB27-7BDED282BF17}.Release|Any CPU.Build.0 = Release|Any CPU
	EndGlobalSection
	GlobalSection(SolutionProperties) = preSolution
		HideSolutionNode = FALSE
	EndGlobalSection
	GlobalSection(ExtensibilityGlobals) = postSolution
		SolutionGuid = {1222054A-44EB-4BAC-8F1E-2A5F90A66E7A}
	EndGlobalSection
EndGlobal
